{
  "name": "invoi-6",
  "lockfileVersion": 2,
  "requires": true,
  "packages": {
    "node_modules/jovisco-domain": {
      "version": "1.0.69",
      "resolved": "https://registry.npmjs.org/jovisco-domain/-/jovisco-domain-1.0.69.tgz",
      "integrity": "sha512-joZRU78qZIbmnugV5i1Td5uVnPgRoXghmwyn9uoscLSwwrtdItIlQlXbVqIWoX0gJvqQHHatQCim8uEkMyknTw==",
      "extraneous": true,
      "license": "ISC",
      "dependencies": {
        "lodash": "^4.17.20",
        "luxon": "^1.25.0"
      }
    },
    "node_modules/lodash": {
      "version": "4.17.20",
      "resolved": "https://registry.npmjs.org/lodash/-/lodash-4.17.20.tgz",
      "integrity": "sha512-PlhdFcillOINfeV7Ni6oF1TAEayyZBoZ8bcshTHqOYJYlrqzRK5hagpagky5o4HfCzzd1TRkXPMFq6cKk9rGmA==",
      "extraneous": true,
      "license": "MIT"
    },
    "node_modules/luxon": {
      "version": "1.25.0",
      "resolved": "https://registry.npmjs.org/luxon/-/luxon-1.25.0.tgz",
      "integrity": "sha512-hEgLurSH8kQRjY6i4YLey+mcKVAWXbDNlZRmM6AgWDJ1cY3atl8Ztf5wEY7VBReFbmGnwQPz7KYJblL8B2k0jQ==",
      "extraneous": true,
      "license": "MIT",
      "engines": {
        "node": "*"
      }
    }
  },
  "dependencies": {
    "jovisco-domain": {
      "version": "https://registry.npmjs.org/jovisco-domain/-/jovisco-domain-1.0.69.tgz",
      "integrity": "sha512-joZRU78qZIbmnugV5i1Td5uVnPgRoXghmwyn9uoscLSwwrtdItIlQlXbVqIWoX0gJvqQHHatQCim8uEkMyknTw==",
      "extraneous": true,
      "requires": {
        "lodash": "^4.17.20",
        "luxon": "^1.25.0"
      }
    },
    "lodash": {
      "version": "4.17.20",
      "resolved": "https://registry.npmjs.org/lodash/-/lodash-4.17.20.tgz",
      "integrity": "sha512-PlhdFcillOINfeV7Ni6oF1TAEayyZBoZ8bcshTHqOYJYlrqzRK5hagpagky5o4HfCzzd1TRkXPMFq6cKk9rGmA==",
      "extraneous": true
    },
    "luxon": {
      "version": "1.25.0",
      "resolved": "https://registry.npmjs.org/luxon/-/luxon-1.25.0.tgz",
      "integrity": "sha512-hEgLurSH8kQRjY6i4YLey+mcKVAWXbDNlZRmM6AgWDJ1cY3atl8Ztf5wEY7VBReFbmGnwQPz7KYJblL8B2k0jQ==",
      "extraneous": true
    }
  }
}
